{
  "name": "chat-backend",
  "version": "1.0.0",
  "lockfileVersion": 1,
  "requires": true,
  "dependencies": {
    "fast-redact": {
      "version": "1.4.2",
      "resolved": "https://registry.npmjs.org/fast-redact/-/fast-redact-1.4.2.tgz",
      "integrity": "sha512-ttC8IgelNvYqb9RBC+rirgUCVPtPVonfdeRdsHBcBx3kzQat1DafbUKAEhLo5GnvuBqda+Xe1BvblecPpQkZ2Q=="
    },
    "fast-safe-stringify": {
      "version": "2.0.6",
      "resolved": "https://registry.npmjs.org/fast-safe-stringify/-/fast-safe-stringify-2.0.6.tgz",
      "integrity": "sha512-q8BZ89jjc+mz08rSxROs8VsrBBcn1SIw1kq9NjolL509tkABRk9io01RAjSaEv1Xb2uFLt8VtRiZbGp5H8iDtg=="
    },
    "flatstr": {
      "version": "1.0.9",
      "resolved": "https://registry.npmjs.org/flatstr/-/flatstr-1.0.9.tgz",
      "integrity": "sha512-qFlJnOBWDfIaunF54/lBqNKmXOI0HqNhu+mHkLmbaBXlS71PUd9OjFOdyevHt/aHoHB1+eW7eKHgRKOG5aHSpw=="
    },
    "moment": {
      "version": "2.24.0",
      "resolved": "https://registry.npmjs.org/moment/-/moment-2.24.0.tgz",
      "integrity": "sha512-bV7f+6l2QigeBBZSM/6yTNq4P2fNpSWj/0e7jQcy87A8e7o2nAfP/34/2ky5Vw4B9S446EtIhodAzkFCcR4dQg=="
    },
    "moment-timezone": {
      "version": "0.5.23",
      "resolved": "https://registry.npmjs.org/moment-timezone/-/moment-timezone-0.5.23.tgz",
      "integrity": "sha512-WHFH85DkCfiNMDX5D3X7hpNH3/PUhjTGcD0U1SgfBGZxJ3qUmJh5FdvaFjcClxOvB3rzdfj4oRffbI38jEnC1w==",
      "requires": {
        "moment": ">= 2.9.0"
      }
    },
    "pino": {
      "version": "5.11.1",
      "resolved": "https://registry.npmjs.org/pino/-/pino-5.11.1.tgz",
      "integrity": "sha512-NIua0mGb9Adknq35ONvQmvh93LCUVUjp2+1q1EcvIkJmpJnSd3E5rHVKlKNjzMXFl/z3fI+QA0xXCjPEKNiLvQ==",
      "requires": {
        "fast-redact": "^1.4.2",
        "fast-safe-stringify": "^2.0.6",
        "flatstr": "^1.0.9",
        "pino-std-serializers": "^2.3.0",
        "quick-format-unescaped": "^3.0.0",
        "sonic-boom": "^0.7.1"
      }
    },
    "pino-std-serializers": {
      "version": "2.3.0",
      "resolved": "https://registry.npmjs.org/pino-std-serializers/-/pino-std-serializers-2.3.0.tgz",
      "integrity": "sha512-klfGoOsP6sJH7ON796G4xoUSx2fkpFgKHO4YVVO2zmz31jR+etzc/QzGJILaOIiCD6HTCFgkPx+XN8nk+ruqPw=="
    },
    "quick-format-unescaped": {
      "version": "3.0.1",
      "resolved": "https://registry.npmjs.org/quick-format-unescaped/-/quick-format-unescaped-3.0.1.tgz",
      "integrity": "sha512-Tnk4iJQ8x3V8ml3x9sLIf4tSDaVB9OJY/5gOrnxgK63CXKphhn8oYOPI4tqnXPQcZ3tCv7GFjeoYY5h6UAvuzg=="
    },
    "sonic-boom": {
      "version": "0.7.3",
      "resolved": "https://registry.npmjs.org/sonic-boom/-/sonic-boom-0.7.3.tgz",
      "integrity": "sha512-A9EyoIeLD+g9vMLYQKjNCatJtAKdBQMW03+L8ZWWX/A6hq+srRCwdqHrBD1R8oSMLXov3oHN13dljtZf12q2Ow==",
      "requires": {
        "flatstr": "^1.0.9"
      }
    }
  }
}
